
Microsoft Visual Studio Solution File, Format Version 12.00
# Visual Studio Version 16
VisualStudioVersion = 16.0.31424.327
MinimumVisualStudioVersion = 10.0.40219.1
Project("{9A19103F-16F7-4668-BE54-9A1E7A4F7556}") = "HelloWorld", "HelloWorld\HelloWorld.csproj", "{7D162033-4135-4FF5-96DA-469A816A99CC}"
EndProject
Project("{FAE04EC0-301F-11D3-BF4B-00C04F79EFBC}") = "Numbers-Math-Random", "NumbersApp\Numbers-Math-Random.csproj", "{4AD321D0-1E27-4591-A4F6-EE216A72EDDF}"
EndProject
Project("{FAE04EC0-301F-11D3-BF4B-00C04F79EFBC}") = "ControlStatements-Switch", "ControlStatements\ControlStatements-Switch.csproj", "{9DA10561-CFBF-40DC-B1BE-C5142B2FB44C}"
EndProject
Project("{FAE04EC0-301F-11D3-BF4B-00C04F79EFBC}") = "Basics-Interpolation-Variables", "MyFirstCSharpConsoleApp\Basics-Interpolation-Variables.csproj", "{A3FEB947-42F0-4807-B746-1F17BA5053FA}"
EndProject
Project("{FAE04EC0-301F-11D3-BF4B-00C04F79EFBC}") = "FizzBuzz-Conditional-Modulus", "FizzBuzz\FizzBuzz-Conditional-Modulus.csproj", "{86B97E8A-6BF0-4474-A7C4-0D7EF47D5155}"
EndProject
Project("{FAE04EC0-301F-11D3-BF4B-00C04F79EFBC}") = "Banking-Class-Basics", "Banking\Banking-Class-Basics.csproj", "{22ADA6C8-C5D4-4DC2-A94C-5DC96A7158FF}"
EndProject
Project("{FAE04EC0-301F-11D3-BF4B-00C04F79EFBC}") = "Bowling-Loops-Random", "Bowling\Bowling-Loops-Random.csproj", "{D8027B98-702B-46E6-A5F0-44C10610C499}"
EndProject
Project("{FAE04EC0-301F-11D3-BF4B-00C04F79EFBC}") = "CharacterCounter-Nested-Loop", "CharacterCounter\CharacterCounter-Nested-Loop.csproj", "{08FFA8AC-503C-4BE8-9812-8FAAC828EDF9}"
EndProject
Project("{FAE04EC0-301F-11D3-BF4B-00C04F79EFBC}") = "EvenOdd-Array-Dictionary", "EvenOdd\EvenOdd-Array-Dictionary.csproj", "{FF7BA351-3E48-4522-A2E7-ACE3FBB34C3B}"
EndProject
Project("{FAE04EC0-301F-11D3-BF4B-00C04F79EFBC}") = "ExceptionsTutorial", "ExceptionsTutorial\ExceptionsTutorial.csproj", "{FCFA9A3F-FA9C-41DD-81C0-40DCB7CB919A}"
EndProject
Project("{FAE04EC0-301F-11D3-BF4B-00C04F79EFBC}") = "SqlServerLib", "SqlServerLib\SqlServerLib.csproj", "{478F6600-06A3-408F-8547-1003E6E3D9F4}"
EndProject
Project("{FAE04EC0-301F-11D3-BF4B-00C04F79EFBC}") = "SqlServerLibrary", "SqlServerLibrary\SqlServerLibrary.csproj", "{CBF3CF69-201A-443D-A463-C499AD0648CA}"
EndProject
Project("{FAE04EC0-301F-11D3-BF4B-00C04F79EFBC}") = "LinqExample", "LinqExample\LinqExample.csproj", "{86E52A44-620B-4CC8-AF27-C9541F600E88}"
EndProject
Project("{FAE04EC0-301F-11D3-BF4B-00C04F79EFBC}") = "EntityFramework-Example", "EntityFramework-Example\EntityFramework-Example.csproj", "{2AC6E7B8-1626-4DE6-864D-97C35D50BBDB}"
EndProject
Project("{FAE04EC0-301F-11D3-BF4B-00C04F79EFBC}") = "EntityFrameworkCoreDB-Example", "EntityFrameworkCoreDB-Example\EntityFrameworkCoreDB-Example.csproj", "{4B782005-9341-4384-BE05-0BA0CF84F541}"
EndProject
Global
	GlobalSection(SolutionConfigurationPlatforms) = preSolution
		Debug|Any CPU = Debug|Any CPU
		Release|Any CPU = Release|Any CPU
	EndGlobalSection
	GlobalSection(ProjectConfigurationPlatforms) = postSolution
		{7D162033-4135-4FF5-96DA-469A816A99CC}.Debug|Any CPU.ActiveCfg = Debug|Any CPU
		{7D162033-4135-4FF5-96DA-469A816A99CC}.Debug|Any CPU.Build.0 = Debug|Any CPU
		{7D162033-4135-4FF5-96DA-469A816A99CC}.Release|Any CPU.ActiveCfg = Release|Any CPU
		{7D162033-4135-4FF5-96DA-469A816A99CC}.Release|Any CPU.Build.0 = Release|Any CPU
		{4AD321D0-1E27-4591-A4F6-EE216A72EDDF}.Debug|Any CPU.ActiveCfg = Debug|Any CPU
		{4AD321D0-1E27-4591-A4F6-EE216A72EDDF}.Debug|Any CPU.Build.0 = Debug|Any CPU
		{4AD321D0-1E27-4591-A4F6-EE216A72EDDF}.Release|Any CPU.ActiveCfg = Release|Any CPU
		{4AD321D0-1E27-4591-A4F6-EE216A72EDDF}.Release|Any CPU.Build.0 = Release|Any CPU
		{9DA10561-CFBF-40DC-B1BE-C5142B2FB44C}.Debug|Any CPU.ActiveCfg = Debug|Any CPU
		{9DA10561-CFBF-40DC-B1BE-C5142B2FB44C}.Debug|Any CPU.Build.0 = Debug|Any CPU
		{9DA10561-CFBF-40DC-B1BE-C5142B2FB44C}.Release|Any CPU.ActiveCfg = Release|Any CPU
		{9DA10561-CFBF-40DC-B1BE-C5142B2FB44C}.Release|Any CPU.Build.0 = Release|Any CPU
		{A3FEB947-42F0-4807-B746-1F17BA5053FA}.Debug|Any CPU.ActiveCfg = Debug|Any CPU
		{A3FEB947-42F0-4807-B746-1F17BA5053FA}.Debug|Any CPU.Build.0 = Debug|Any CPU
		{A3FEB947-42F0-4807-B746-1F17BA5053FA}.Release|Any CPU.ActiveCfg = Release|Any CPU
		{A3FEB947-42F0-4807-B746-1F17BA5053FA}.Release|Any CPU.Build.0 = Release|Any CPU
		{86B97E8A-6BF0-4474-A7C4-0D7EF47D5155}.Debug|Any CPU.ActiveCfg = Debug|Any CPU
		{86B97E8A-6BF0-4474-A7C4-0D7EF47D5155}.Debug|Any CPU.Build.0 = Debug|Any CPU
		{86B97E8A-6BF0-4474-A7C4-0D7EF47D5155}.Release|Any CPU.ActiveCfg = Release|Any CPU
		{86B97E8A-6BF0-4474-A7C4-0D7EF47D5155}.Release|Any CPU.Build.0 = Release|Any CPU
		{22ADA6C8-C5D4-4DC2-A94C-5DC96A7158FF}.Debug|Any CPU.ActiveCfg = Debug|Any CPU
		{22ADA6C8-C5D4-4DC2-A94C-5DC96A7158FF}.Debug|Any CPU.Build.0 = Debug|Any CPU
		{22ADA6C8-C5D4-4DC2-A94C-5DC96A7158FF}.Release|Any CPU.ActiveCfg = Release|Any CPU
		{22ADA6C8-C5D4-4DC2-A94C-5DC96A7158FF}.Release|Any CPU.Build.0 = Release|Any CPU
		{D8027B98-702B-46E6-A5F0-44C10610C499}.Debug|Any CPU.ActiveCfg = Debug|Any CPU
		{D8027B98-702B-46E6-A5F0-44C10610C499}.Debug|Any CPU.Build.0 = Debug|Any CPU
		{D8027B98-702B-46E6-A5F0-44C10610C499}.Release|Any CPU.ActiveCfg = Release|Any CPU
		{D8027B98-702B-46E6-A5F0-44C10610C499}.Release|Any CPU.Build.0 = Release|Any CPU
		{08FFA8AC-503C-4BE8-9812-8FAAC828EDF9}.Debug|Any CPU.ActiveCfg = Debug|Any CPU
		{08FFA8AC-503C-4BE8-9812-8FAAC828EDF9}.Debug|Any CPU.Build.0 = Debug|Any CPU
		{08FFA8AC-503C-4BE8-9812-8FAAC828EDF9}.Release|Any CPU.ActiveCfg = Release|Any CPU
		{08FFA8AC-503C-4BE8-9812-8FAAC828EDF9}.Release|Any CPU.Build.0 = Release|Any CPU
		{FF7BA351-3E48-4522-A2E7-ACE3FBB34C3B}.Debug|Any CPU.ActiveCfg = Debug|Any CPU
		{FF7BA351-3E48-4522-A2E7-ACE3FBB34C3B}.Debug|Any CPU.Build.0 = Debug|Any CPU
		{FF7BA351-3E48-4522-A2E7-ACE3FBB34C3B}.Release|Any CPU.ActiveCfg = Release|Any CPU
		{FF7BA351-3E48-4522-A2E7-ACE3FBB34C3B}.Release|Any CPU.Build.0 = Release|Any CPU
		{FCFA9A3F-FA9C-41DD-81C0-40DCB7CB919A}.Debug|Any CPU.ActiveCfg = Debug|Any CPU
		{FCFA9A3F-FA9C-41DD-81C0-40DCB7CB919A}.Debug|Any CPU.Build.0 = Debug|Any CPU
		{FCFA9A3F-FA9C-41DD-81C0-40DCB7CB919A}.Release|Any CPU.ActiveCfg = Release|Any CPU
		{FCFA9A3F-FA9C-41DD-81C0-40DCB7CB919A}.Release|Any CPU.Build.0 = Release|Any CPU
		{478F6600-06A3-408F-8547-1003E6E3D9F4}.Debug|Any CPU.ActiveCfg = Debug|Any CPU
		{478F6600-06A3-408F-8547-1003E6E3D9F4}.Debug|Any CPU.Build.0 = Debug|Any CPU
		{478F6600-06A3-408F-8547-1003E6E3D9F4}.Release|Any CPU.ActiveCfg = Release|Any CPU
		{478F6600-06A3-408F-8547-1003E6E3D9F4}.Release|Any CPU.Build.0 = Release|Any CPU
		{CBF3CF69-201A-443D-A463-C499AD0648CA}.Debug|Any CPU.ActiveCfg = Debug|Any CPU
		{CBF3CF69-201A-443D-A463-C499AD0648CA}.Debug|Any CPU.Build.0 = Debug|Any CPU
		{CBF3CF69-201A-443D-A463-C499AD0648CA}.Release|Any CPU.ActiveCfg = Release|Any CPU
		{CBF3CF69-201A-443D-A463-C499AD0648CA}.Release|Any CPU.Build.0 = Release|Any CPU
		{86E52A44-620B-4CC8-AF27-C9541F600E88}.Debug|Any CPU.ActiveCfg = Debug|Any CPU
		{86E52A44-620B-4CC8-AF27-C9541F600E88}.Debug|Any CPU.Build.0 = Debug|Any CPU
		{86E52A44-620B-4CC8-AF27-C9541F600E88}.Release|Any CPU.ActiveCfg = Release|Any CPU
		{86E52A44-620B-4CC8-AF27-C9541F600E88}.Release|Any CPU.Build.0 = Release|Any CPU
		{2AC6E7B8-1626-4DE6-864D-97C35D50BBDB}.Debug|Any CPU.ActiveCfg = Debug|Any CPU
		{2AC6E7B8-1626-4DE6-864D-97C35D50BBDB}.Debug|Any CPU.Build.0 = Debug|Any CPU
		{2AC6E7B8-1626-4DE6-864D-97C35D50BBDB}.Release|Any CPU.ActiveCfg = Release|Any CPU
		{2AC6E7B8-1626-4DE6-864D-97C35D50BBDB}.Release|Any CPU.Build.0 = Release|Any CPU
		{4B782005-9341-4384-BE05-0BA0CF84F541}.Debug|Any CPU.ActiveCfg = Debug|Any CPU
		{4B782005-9341-4384-BE05-0BA0CF84F541}.Debug|Any CPU.Build.0 = Debug|Any CPU
		{4B782005-9341-4384-BE05-0BA0CF84F541}.Release|Any CPU.ActiveCfg = Release|Any CPU
		{4B782005-9341-4384-BE05-0BA0CF84F541}.Release|Any CPU.Build.0 = Release|Any CPU
	EndGlobalSection
	GlobalSection(SolutionProperties) = preSolution
		HideSolutionNode = FALSE
	EndGlobalSection
	GlobalSection(ExtensibilityGlobals) = postSolution
		SolutionGuid = {4439B421-F239-4F7B-AEFD-D751F75ABDD4}
	EndGlobalSection
EndGlobal
