
Microsoft Visual Studio Solution File, Format Version 12.00
# Visual Studio Version 16
VisualStudioVersion = 16.0.31205.134
MinimumVisualStudioVersion = 10.0.40219.1
Project("{FAE04EC0-301F-11D3-BF4B-00C04F79EFBC}") = "ControlStatements", "ControlStatements\ControlStatements.csproj", "{5701F029-64D8-47CA-B8FE-DF9D59315329}"
EndProject
Global
	GlobalSection(SolutionConfigurationPlatforms) = preSolution
		Debug|Any CPU = Debug|Any CPU
		Release|Any CPU = Release|Any CPU
	EndGlobalSection
	GlobalSection(ProjectConfigurationPlatforms) = postSolution
		{5701F029-64D8-47CA-B8FE-DF9D59315329}.Debug|Any CPU.ActiveCfg = Debug|Any CPU
		{5701F029-64D8-47CA-B8FE-DF9D59315329}.Debug|Any CPU.Build.0 = Debug|Any CPU
		{5701F029-64D8-47CA-B8FE-DF9D59315329}.Release|Any CPU.ActiveCfg = Release|Any CPU
		{5701F029-64D8-47CA-B8FE-DF9D59315329}.Release|Any CPU.Build.0 = Release|Any CPU
	EndGlobalSection
	GlobalSection(SolutionProperties) = preSolution
		HideSolutionNode = FALSE
	EndGlobalSection
	GlobalSection(ExtensibilityGlobals) = postSolution
		SolutionGuid = {3D6F5A4F-38C8-4601-A106-D7CDE6A1D97E}
	EndGlobalSection
EndGlobal
